github.com/Bithack/go-hnsw v0.0.0-20170629124716-52a932462077 h1:k340PTKN1JUBEdS18AsKXjUyG/yo1//+rGmW5mZkYUA=
github.com/Bithack/go-hnsw v0.0.0-20170629124716-52a932462077/go.mod h1:ZsMyTqrshmipaTT/huJeJoWcaUPA6JAQH85zmzAKIKc=
github.com/willf/bitset v1.1.11 h1:N7Z7E9UvjW+sGsEl7k/SJrvY2reP1A07MrGuCjIOjRE=
github.com/willf/bitset v1.1.11/go.mod h1:83CECat5yLh5zVOf4P1ErAgKA5UDvKtgyUABdr3+MjI=
